
Microsoft Visual Studio Solution File, Format Version 12.00
# Visual Studio 15
VisualStudioVersion = 15.0.27428.2002
MinimumVisualStudioVersion = 10.0.40219.1
Project("{FAE04EC0-301F-11D3-BF4B-00C04F79EFBC}") = "OrderProcessing.REST", "OrderProcessing.REST\OrderProcessing.REST.csproj", "{8F0E249E-0644-4882-9C21-9EC2BD8A22D0}"
EndProject
Project("{FAE04EC0-301F-11D3-BF4B-00C04F79EFBC}") = "OPClient.REST", "OPClient.REST\OPClient.REST.csproj", "{1F5EFECC-DA04-4B4D-A26B-2AA11B033CA0}"
EndProject
Global
	GlobalSection(SolutionConfigurationPlatforms) = preSolution
		Debug|Any CPU = Debug|Any CPU
		Release|Any CPU = Release|Any CPU
	EndGlobalSection
	GlobalSection(ProjectConfigurationPlatforms) = postSolution
		{8F0E249E-0644-4882-9C21-9EC2BD8A22D0}.Debug|Any CPU.ActiveCfg = Debug|Any CPU
		{8F0E249E-0644-4882-9C21-9EC2BD8A22D0}.Debug|Any CPU.Build.0 = Debug|Any CPU
		{8F0E249E-0644-4882-9C21-9EC2BD8A22D0}.Release|Any CPU.ActiveCfg = Release|Any CPU
		{8F0E249E-0644-4882-9C21-9EC2BD8A22D0}.Release|Any CPU.Build.0 = Release|Any CPU
		{1F5EFECC-DA04-4B4D-A26B-2AA11B033CA0}.Debug|Any CPU.ActiveCfg = Debug|Any CPU
		{1F5EFECC-DA04-4B4D-A26B-2AA11B033CA0}.Debug|Any CPU.Build.0 = Debug|Any CPU
		{1F5EFECC-DA04-4B4D-A26B-2AA11B033CA0}.Release|Any CPU.ActiveCfg = Release|Any CPU
		{1F5EFECC-DA04-4B4D-A26B-2AA11B033CA0}.Release|Any CPU.Build.0 = Release|Any CPU
	EndGlobalSection
	GlobalSection(SolutionProperties) = preSolution
		HideSolutionNode = FALSE
	EndGlobalSection
	GlobalSection(ExtensibilityGlobals) = postSolution
		SolutionGuid = {D67A72E2-D89F-4A87-BC2D-23D7B48931BB}
	EndGlobalSection
EndGlobal
